<?xml version="1.0" encoding="utf-8"?>
<Project ToolsVersion="4.0" xmlns="http://schemas.microsoft.com/developer/msbuild/2003">
  <ItemGroup>
    <Filter Include="Source Files">
      <UniqueIdentifier>{4FC737F1-C7A5-4376-A066-2A32D752A2FF}</UniqueIdentifier>
      <Extensions>cpp;c;cc;cxx;c++;cppm;ixx;def;odl;idl;hpj;bat;asm;asmx</Extensions>
    </Filter>
    <Filter Include="Header Files">
      <UniqueIdentifier>{93995380-89BD-4b04-88EB-625FBE52EBFB}</UniqueIdentifier>
      <Extensions>h;hh;hpp;hxx;h++;hm;inl;inc;ipp;xsd</Extensions>
    </Filter>
    <Filter Include="Resource Files">
      <UniqueIdentifier>{67DA6AB6-F800-4c08-8B7A-83BB121AAD01}</UniqueIdentifier>
      <Extensions>rc;ico;cur;bmp;dlg;rc2;rct;bin;rgs;gif;jpg;jpeg;jpe;resx;tiff;tif;png;wav;mfcribbon-ms</Extensions>
    </Filter>
    <Filter Include="Font">
      <UniqueIdentifier>{72ad9814-24ce-4fe4-9f0d-a4fe4ff77e39}</UniqueIdentifier>
    </Filter>
    <Filter Include="Shaders">
      <UniqueIdentifier>{02180f2b-5fa3-4918-b0da-16bae2b23990}</UniqueIdentifier>
    </Filter>
  </ItemGroup>
  <ItemGroup>
    <ClCompile Include="engine\peripheral\inputclass.cpp">
      <Filter>Source Files</Filter>
    </ClCompile>
    <ClCompile Include="engine\graphicsAPI\camera\cameraclass.cpp">
      <Filter>Source Files</Filter>
    </ClCompile>
    <ClCompile Include="engine\graphicsAPI\light\lightclass.cpp">
      <Filter>Source Files</Filter>
    </ClCompile>
    <ClCompile Include="engine\graphicsAPI\textures\textureclass.cpp">
      <Filter>Source Files</Filter>
    </ClCompile>
    <ClCompile Include="engine\graphicsAPI\models\modelclass.cpp">
      <Filter>Source Files</Filter>
    </ClCompile>
    <ClCompile Include="engine\graphicsAPI\directx\d3dclass.cpp">
      <Filter>Source Files</Filter>
    </ClCompile>
    <ClCompile Include="engine\graphicsAPI\font\fontclass.cpp">
      <Filter>Font</Filter>
    </ClCompile>
    <ClCompile Include="engine\graphicsAPI\shaders\fontshaderclass.cpp">
      <Filter>Source Files</Filter>
    </ClCompile>
    <ClCompile Include="engine\graphicsAPI\font\textclass.cpp">
      <Filter>Source Files</Filter>
    </ClCompile>
    <ClCompile Include="engine\peripheral\fpsclass.cpp">
      <Filter>Source Files</Filter>
    </ClCompile>
    <ClCompile Include="engine\graphicsAPI\shaders\alphamapshader.cpp">
      <Filter>Source Files</Filter>
    </ClCompile>
    <ClCompile Include="engine\graphicsAPI\shaders\multitextureshaderclass.cpp">
      <Filter>Source Files</Filter>
    </ClCompile>
    <ClCompile Include="engine\peripheral\timerclass.cpp">
      <Filter>Source Files</Filter>
    </ClCompile>
    <ClCompile Include="engine\core\applicationclass.cpp">
      <Filter>Source Files</Filter>
    </ClCompile>
    <ClCompile Include="engine\main.cpp">
      <Filter>Source Files</Filter>
    </ClCompile>
    <ClCompile Include="engine\graphicsAPI\shaders\lightschaderclass.cpp">
      <Filter>Source Files</Filter>
    </ClCompile>
    <ClCompile Include="engine\core\systemclass.cpp">
      <Filter>Source Files</Filter>
    </ClCompile>
    <ClCompile Include="engine\graphicsAPI\shaders\normalmapshaderclass.cpp">
      <Filter>Source Files</Filter>
    </ClCompile>
    <ClCompile Include="engine\graphicsAPI\shaders\specmapshaderclass.cpp">
      <Filter>Source Files</Filter>
    </ClCompile>
    <ClCompile Include="engine\graphicsAPI\shadermanagerclass.cpp">
      <Filter>Source Files</Filter>
    </ClCompile>
    <ClCompile Include="engine\graphicsAPI\frustum\frustumclass.cpp">
      <Filter>Source Files</Filter>
    </ClCompile>
    <ClCompile Include="engine\graphicsAPI\models\modellistclass.cpp">
      <Filter>Source Files</Filter>
    </ClCompile>
    <ClCompile Include="engine\graphicsAPI\camera\positionclass.cpp">
      <Filter>Source Files</Filter>
    </ClCompile>
  </ItemGroup>
  <ItemGroup>
    <ClInclude Include="engine\peripheral\inputclass.h">
      <Filter>Header Files</Filter>
    </ClInclude>
    <ClInclude Include="engine\graphicsAPI\camera\cameraclass.h">
      <Filter>Header Files</Filter>
    </ClInclude>
    <ClInclude Include="engine\graphicsAPI\light\lightclass.h">
      <Filter>Header Files</Filter>
    </ClInclude>
    <ClInclude Include="engine\graphicsAPI\textures\textureclass.h">
      <Filter>Header Files</Filter>
    </ClInclude>
    <ClInclude Include="engine\graphicsAPI\models\modelclass.h">
      <Filter>Header Files</Filter>
    </ClInclude>
    <ClInclude Include="engine\graphicsAPI\directx\d3dclass.h">
      <Filter>Header Files</Filter>
    </ClInclude>
    <ClInclude Include="engine\graphicsAPI\font\fontclass.h">
      <Filter>Font</Filter>
    </ClInclude>
    <ClInclude Include="engine\graphicsAPI\shaders\lightshaderclass.h">
      <Filter>Header Files</Filter>
    </ClInclude>
    <ClInclude Include="engine\core\applicationclass.h">
      <Filter>Header Files</Filter>
    </ClInclude>
    <ClInclude Include="engine\core\systemclass.h">
      <Filter>Header Files</Filter>
    </ClInclude>
    <ClInclude Include="engine\graphicsAPI\shaders\fontshaderclass.h">
      <Filter>Header Files</Filter>
    </ClInclude>
    <ClInclude Include="engine\graphicsAPI\font\textclass.h">
      <Filter>Header Files</Filter>
    </ClInclude>
    <ClInclude Include="engine\peripheral\fpsclass.h">
      <Filter>Header Files</Filter>
    </ClInclude>
    <ClInclude Include="engine\graphicsAPI\shaders\alphamapshader.h">
      <Filter>Header Files</Filter>
    </ClInclude>
    <ClInclude Include="engine\graphicsAPI\shaders\multitextureshaderclass.h">
      <Filter>Header Files</Filter>
    </ClInclude>
    <ClInclude Include="engine\peripheral\timerclass.h">
      <Filter>Header Files</Filter>
    </ClInclude>
    <ClInclude Include="engine\graphicsAPI\shaders\normalmapshaderclass.h">
      <Filter>Header Files</Filter>
    </ClInclude>
    <ClInclude Include="engine\graphicsAPI\shaders\specmapshaderclass.h">
      <Filter>Header Files</Filter>
    </ClInclude>
    <ClInclude Include="engine\graphicsAPI\shadermanagerclass.h">
      <Filter>Header Files</Filter>
    </ClInclude>
    <ClInclude Include="engine\graphicsAPI\frustum\frustumclass.h">
      <Filter>Header Files</Filter>
    </ClInclude>
    <ClInclude Include="engine\graphicsAPI\models\modellistclass.h">
      <Filter>Header Files</Filter>
    </ClInclude>
    <ClInclude Include="engine\graphicsAPI\camera\positionclass.h">
      <Filter>Header Files</Filter>
    </ClInclude>
  </ItemGroup>
  <ItemGroup>
    <None Include="engine\data\shaderfiles\light.ps">
      <Filter>Shaders</Filter>
    </None>
    <None Include="engine\data\shaderfiles\light.vs">
      <Filter>Shaders</Filter>
    </None>
    <None Include="engine\data\shaderfiles\multitexture.ps" />
    <None Include="engine\data\shaderfiles\multitexture.vs" />
    <None Include="engine\data\shaderfiles\font.ps" />
    <None Include="engine\data\shaderfiles\font.vs" />
  </ItemGroup>
  <ItemGroup>
    <Text Include="engine\data\model-data\cube.txt" />
    <Text Include="engine\data\model-data\square.txt" />
    <Text Include="engine\data\debug data\shader-error.txt" />
    <Text Include="engine\data\debug data\videoCardinfo.txt" />
    <Text Include="engine\data\texturelist.txt" />
  </ItemGroup>
  <ItemGroup>
    <FxCompile Include="engine\data\shaderfiles\alphamapps.hlsl" />
    <FxCompile Include="engine\data\shaderfiles\alphamapvs.hlsl" />
    <FxCompile Include="engine\data\shaderfiles\normalmapvs.hlsl" />
    <FxCompile Include="engine\data\shaderfiles\normalmapps.hlsl" />
    <FxCompile Include="engine\data\shaderfiles\specmapvs.hlsl" />
    <FxCompile Include="engine\data\shaderfiles\specmapps.hlsl" />
    <FxCompile Include="engine\data\shaderfiles\multitexturevs2.hlsl" />
    <FxCompile Include="engine\data\shaderfiles\multitextureps2.hlsl" />
  </ItemGroup>
  <ItemGroup>
    <Image Include="engine\data\images\alpha01.tga" />
    <Image Include="engine\data\images\dirt01.tga" />
    <Image Include="engine\data\images\normal01.tga" />
    <Image Include="engine\data\images\normal02.tga" />
    <Image Include="engine\data\images\spec02.tga" />
    <Image Include="engine\data\images\stone01.tga" />
    <Image Include="engine\data\images\stone02.tga" />
  </ItemGroup>
</Project>